
Microsoft Visual Studio Solution File, Format Version 15.00
# Visual Studio 2017
Project("{FAE04EC0-301F-11D3-BF4B-00C04F79EFBC}") = "Core", "Core.csproj", "{AEEB93BA-5125-47E8-A83F-63AA589B78BC}"
EndProject
Global
	GlobalSection(SolutionConfigurationPlatforms) = preSolution
		Debug|Any CPU = Debug|Any CPU
		Release|Any CPU = Release|Any CPU
	EndGlobalSection
	GlobalSection(ProjectConfigurationPlatforms) = postSolution
		{AEEB93BA-5125-47E8-A83F-63AA589B78BC}.Debug|Any CPU.ActiveCfg = Debug|Any CPU
		{AEEB93BA-5125-47E8-A83F-63AA589B78BC}.Debug|Any CPU.Build.0 = Debug|Any CPU
		{AEEB93BA-5125-47E8-A83F-63AA589B78BC}.Release|Any CPU.ActiveCfg = Release|Any CPU
		{AEEB93BA-5125-47E8-A83F-63AA589B78BC}.Release|Any CPU.Build.0 = Release|Any CPU
	EndGlobalSection
EndGlobal
